// !$*UTF8*$!
{
	archiveVersion = 1;
	classes = {
	};
	objectVersion = 56;
	objects = {

/* Begin PBXBuildFile section */
		7333BDB72921FF6400A789F1 /* AppDelegate.swift in Sources */ = {isa = PBXBuildFile; fileRef = 7333BDB62921FF6400A789F1 /* AppDelegate.swift */; };
		7333BDB92921FF6400A789F1 /* SceneDelegate.swift in Sources */ = {isa = PBXBuildFile; fileRef = 7333BDB82921FF6400A789F1 /* SceneDelegate.swift */; };
		7333BDBB2921FF6400A789F1 /* VehicleViewController.swift in Sources */ = {isa = PBXBuildFile; fileRef = 7333BDBA2921FF6400A789F1 /* VehicleViewController.swift */; };
		7333BDC02921FF6500A789F1 /* Assets.xcassets in Resources */ = {isa = PBXBuildFile; fileRef = 7333BDBF2921FF6500A789F1 /* Assets.xcassets */; };
		7333BDCE292203E300A789F1 /* ApiManager.swift in Sources */ = {isa = PBXBuildFile; fileRef = 7333BDCD292203E300A789F1 /* ApiManager.swift */; };
		7333BDD02922048600A789F1 /* Vehicle.swift in Sources */ = {isa = PBXBuildFile; fileRef = 7333BDCF2922048600A789F1 /* Vehicle.swift */; };
		733F6B7E2925A1B2009B4709 /* VehicleTableViewCell.swift in Sources */ = {isa = PBXBuildFile; fileRef = 733F6B7D2925A1B2009B4709 /* VehicleTableViewCell.swift */; };
		733F6B802925A1CC009B4709 /* VehicleCellViewModel.swift in Sources */ = {isa = PBXBuildFile; fileRef = 733F6B7F2925A1CC009B4709 /* VehicleCellViewModel.swift */; };
		733F6B862926A257009B4709 /* Kingfisher in Frameworks */ = {isa = PBXBuildFile; productRef = 733F6B852926A257009B4709 /* Kingfisher */; };
		733F6B8A2926BC03009B4709 /* VehicleDetailViewController.swift in Sources */ = {isa = PBXBuildFile; fileRef = 733F6B892926BC03009B4709 /* VehicleDetailViewController.swift */; };
		739DADBB29231DC900D362E0 /* View+Extensions.swift in Sources */ = {isa = PBXBuildFile; fileRef = 739DADBA29231DC900D362E0 /* View+Extensions.swift */; };
		739DADBD2923228400D362E0 /* Color+Extensions.swift in Sources */ = {isa = PBXBuildFile; fileRef = 739DADBC2923228400D362E0 /* Color+Extensions.swift */; };
		739DADBF292332DB00D362E0 /* ImageView+Extensions.swift in Sources */ = {isa = PBXBuildFile; fileRef = 739DADBE292332DB00D362E0 /* ImageView+Extensions.swift */; };
		739DADC12923E5F500D362E0 /* Font+Extensions.swift in Sources */ = {isa = PBXBuildFile; fileRef = 739DADC02923E5F500D362E0 /* Font+Extensions.swift */; };
		739DADCB29246F9500D362E0 /* MainViewModel.swift in Sources */ = {isa = PBXBuildFile; fileRef = 739DADCA29246F9500D362E0 /* MainViewModel.swift */; };
/* End PBXBuildFile section */

/* Begin PBXFileReference section */
		7333BDB32921FF6400A789F1 /* Fleetio.app */ = {isa = PBXFileReference; explicitFileType = wrapper.application; includeInIndex = 0; path = Fleetio.app; sourceTree = BUILT_PRODUCTS_DIR; };
		7333BDB62921FF6400A789F1 /* AppDelegate.swift */ = {isa = PBXFileReference; lastKnownFileType = sourcecode.swift; path = AppDelegate.swift; sourceTree = "<group>"; };
		7333BDB82921FF6400A789F1 /* SceneDelegate.swift */ = {isa = PBXFileReference; lastKnownFileType = sourcecode.swift; path = SceneDelegate.swift; sourceTree = "<group>"; };
		7333BDBA2921FF6400A789F1 /* VehicleViewController.swift */ = {isa = PBXFileReference; lastKnownFileType = sourcecode.swift; path = VehicleViewController.swift; sourceTree = "<group>"; };
		7333BDBF2921FF6500A789F1 /* Assets.xcassets */ = {isa = PBXFileReference; lastKnownFileType = folder.assetcatalog; path = Assets.xcassets; sourceTree = "<group>"; };
		7333BDC42921FF6500A789F1 /* Info.plist */ = {isa = PBXFileReference; lastKnownFileType = text.plist.xml; path = Info.plist; sourceTree = "<group>"; };
		7333BDCD292203E300A789F1 /* ApiManager.swift */ = {isa = PBXFileReference; fileEncoding = 4; lastKnownFileType = sourcecode.swift; path = ApiManager.swift; sourceTree = "<group>"; };
		7333BDCF2922048600A789F1 /* Vehicle.swift */ = {isa = PBXFileReference; lastKnownFileType = sourcecode.swift; path = Vehicle.swift; sourceTree = "<group>"; };
		733F6B7D2925A1B2009B4709 /* VehicleTableViewCell.swift */ = {isa = PBXFileReference; lastKnownFileType = sourcecode.swift; path = VehicleTableViewCell.swift; sourceTree = "<group>"; };
		733F6B7F2925A1CC009B4709 /* VehicleCellViewModel.swift */ = {isa = PBXFileReference; lastKnownFileType = sourcecode.swift; path = VehicleCellViewModel.swift; sourceTree = "<group>"; };
		733F6B892926BC03009B4709 /* VehicleDetailViewController.swift */ = {isa = PBXFileReference; lastKnownFileType = sourcecode.swift; path = VehicleDetailViewController.swift; sourceTree = "<group>"; };
		739DADBA29231DC900D362E0 /* View+Extensions.swift */ = {isa = PBXFileReference; lastKnownFileType = sourcecode.swift; path = "View+Extensions.swift"; sourceTree = "<group>"; };
		739DADBC2923228400D362E0 /* Color+Extensions.swift */ = {isa = PBXFileReference; lastKnownFileType = sourcecode.swift; path = "Color+Extensions.swift"; sourceTree = "<group>"; };
		739DADBE292332DB00D362E0 /* ImageView+Extensions.swift */ = {isa = PBXFileReference; lastKnownFileType = sourcecode.swift; path = "ImageView+Extensions.swift"; sourceTree = "<group>"; };
		739DADC02923E5F500D362E0 /* Font+Extensions.swift */ = {isa = PBXFileReference; lastKnownFileType = sourcecode.swift; path = "Font+Extensions.swift"; sourceTree = "<group>"; };
		739DADCA29246F9500D362E0 /* MainViewModel.swift */ = {isa = PBXFileReference; fileEncoding = 4; lastKnownFileType = sourcecode.swift; path = MainViewModel.swift; sourceTree = "<group>"; };
/* End PBXFileReference section */

/* Begin PBXFrameworksBuildPhase section */
		7333BDB02921FF6400A789F1 /* Frameworks */ = {
			isa = PBXFrameworksBuildPhase;
			buildActionMask = 2147483647;
			files = (
				733F6B862926A257009B4709 /* Kingfisher in Frameworks */,
			);
			runOnlyForDeploymentPostprocessing = 0;
		};
/* End PBXFrameworksBuildPhase section */

/* Begin PBXGroup section */
		7333BDAA2921FF6400A789F1 = {
			isa = PBXGroup;
			children = (
				7333BDB52921FF6400A789F1 /* Fleetio */,
				7333BDB42921FF6400A789F1 /* Products */,
			);
			sourceTree = "<group>";
		};
		7333BDB42921FF6400A789F1 /* Products */ = {
			isa = PBXGroup;
			children = (
				7333BDB32921FF6400A789F1 /* Fleetio.app */,
			);
			name = Products;
			sourceTree = "<group>";
		};
		7333BDB52921FF6400A789F1 /* Fleetio */ = {
			isa = PBXGroup;
			children = (
				739DADC22923EB2B00D362E0 /* VehiclesMain */,
				733F6B882926BBEB009B4709 /* VehicleDetails */,
				7333BDCC292203B700A789F1 /* API */,
				739DADB929231DA300D362E0 /* Extensions */,
				7333BDB82921FF6400A789F1 /* SceneDelegate.swift */,
				7333BDB62921FF6400A789F1 /* AppDelegate.swift */,
				7333BDBF2921FF6500A789F1 /* Assets.xcassets */,
				7333BDC42921FF6500A789F1 /* Info.plist */,
			);
			path = Fleetio;
			sourceTree = "<group>";
		};
		7333BDCA2921FFA900A789F1 /* Models */ = {
			isa = PBXGroup;
			children = (
				7333BDCF2922048600A789F1 /* Vehicle.swift */,
			);
			path = Models;
			sourceTree = "<group>";
		};
		7333BDCB2921FFAF00A789F1 /* ViewModels */ = {
			isa = PBXGroup;
			children = (
				739DADCA29246F9500D362E0 /* MainViewModel.swift */,
				733F6B7F2925A1CC009B4709 /* VehicleCellViewModel.swift */,
			);
			path = ViewModels;
			sourceTree = "<group>";
		};
		7333BDCC292203B700A789F1 /* API */ = {
			isa = PBXGroup;
			children = (
				7333BDCD292203E300A789F1 /* ApiManager.swift */,
			);
			path = API;
			sourceTree = "<group>";
		};
		733F6B882926BBEB009B4709 /* VehicleDetails */ = {
			isa = PBXGroup;
			children = (
				733F6B892926BC03009B4709 /* VehicleDetailViewController.swift */,
			);
			path = VehicleDetails;
			sourceTree = "<group>";
		};
		739DADB929231DA300D362E0 /* Extensions */ = {
			isa = PBXGroup;
			children = (
				739DADBA29231DC900D362E0 /* View+Extensions.swift */,
				739DADBC2923228400D362E0 /* Color+Extensions.swift */,
				739DADBE292332DB00D362E0 /* ImageView+Extensions.swift */,
				739DADC02923E5F500D362E0 /* Font+Extensions.swift */,
			);
			path = Extensions;
			sourceTree = "<group>";
		};
		739DADC22923EB2B00D362E0 /* VehiclesMain */ = {
			isa = PBXGroup;
			children = (
				7333BDBA2921FF6400A789F1 /* VehicleViewController.swift */,
				7333BDCA2921FFA900A789F1 /* Models */,
				739DADC32923EB9600D362E0 /* Views */,
				7333BDCB2921FFAF00A789F1 /* ViewModels */,
			);
			path = VehiclesMain;
			sourceTree = "<group>";
		};
		739DADC32923EB9600D362E0 /* Views */ = {
			isa = PBXGroup;
			children = (
				733F6B7D2925A1B2009B4709 /* VehicleTableViewCell.swift */,
			);
			path = Views;
			sourceTree = "<group>";
		};
/* End PBXGroup section */

/* Begin PBXNativeTarget section */
		7333BDB22921FF6400A789F1 /* Fleetio */ = {
			isa = PBXNativeTarget;
			buildConfigurationList = 7333BDC72921FF6500A789F1 /* Build configuration list for PBXNativeTarget "Fleetio" */;
			buildPhases = (
				7333BDAF2921FF6400A789F1 /* Sources */,
				7333BDB02921FF6400A789F1 /* Frameworks */,
				7333BDB12921FF6400A789F1 /* Resources */,
			);
			buildRules = (
			);
			dependencies = (
			);
			name = Fleetio;
			packageProductDependencies = (
				733F6B852926A257009B4709 /* Kingfisher */,
			);
			productName = Fleetio;
			productReference = 7333BDB32921FF6400A789F1 /* Fleetio.app */;
			productType = "com.apple.product-type.application";
		};
/* End PBXNativeTarget section */

/* Begin PBXProject section */
		7333BDAB2921FF6400A789F1 /* Project object */ = {
			isa = PBXProject;
			attributes = {
				BuildIndependentTargetsInParallel = 1;
				LastSwiftUpdateCheck = 1410;
				LastUpgradeCheck = 1410;
				TargetAttributes = {
					7333BDB22921FF6400A789F1 = {
						CreatedOnToolsVersion = 14.1;
					};
				};
			};
			buildConfigurationList = 7333BDAE2921FF6400A789F1 /* Build configuration list for PBXProject "Fleetio" */;
			compatibilityVersion = "Xcode 14.0";
			developmentRegion = en;
			hasScannedForEncodings = 0;
			knownRegions = (
				en,
				Base,
			);
			mainGroup = 7333BDAA2921FF6400A789F1;
			packageReferences = (
				733F6B842926A257009B4709 /* XCRemoteSwiftPackageReference "Kingfisher" */,
			);
			productRefGroup = 7333BDB42921FF6400A789F1 /* Products */;
			projectDirPath = "";
			projectRoot = "";
			targets = (
				7333BDB22921FF6400A789F1 /* Fleetio */,
			);
		};
/* End PBXProject section */

/* Begin PBXResourcesBuildPhase section */
		7333BDB12921FF6400A789F1 /* Resources */ = {
			isa = PBXResourcesBuildPhase;
			buildActionMask = 2147483647;
			files = (
				7333BDC02921FF6500A789F1 /* Assets.xcassets in Resources */,
			);
			runOnlyForDeploymentPostprocessing = 0;
		};
/* End PBXResourcesBuildPhase section */

/* Begin PBXSourcesBuildPhase section */
		7333BDAF2921FF6400A789F1 /* Sources */ = {
			isa = PBXSourcesBuildPhase;
			buildActionMask = 2147483647;
			files = (
				739DADBF292332DB00D362E0 /* ImageView+Extensions.swift in Sources */,
				7333BDBB2921FF6400A789F1 /* VehicleViewController.swift in Sources */,
				739DADC12923E5F500D362E0 /* Font+Extensions.swift in Sources */,
				7333BDB72921FF6400A789F1 /* AppDelegate.swift in Sources */,
				7333BDB92921FF6400A789F1 /* SceneDelegate.swift in Sources */,
				739DADBD2923228400D362E0 /* Color+Extensions.swift in Sources */,
				739DADBB29231DC900D362E0 /* View+Extensions.swift in Sources */,
				733F6B7E2925A1B2009B4709 /* VehicleTableViewCell.swift in Sources */,
				7333BDD02922048600A789F1 /* Vehicle.swift in Sources */,
				733F6B802925A1CC009B4709 /* VehicleCellViewModel.swift in Sources */,
				7333BDCE292203E300A789F1 /* ApiManager.swift in Sources */,
				733F6B8A2926BC03009B4709 /* VehicleDetailViewController.swift in Sources */,
				739DADCB29246F9500D362E0 /* MainViewModel.swift in Sources */,
			);
			runOnlyForDeploymentPostprocessing = 0;
		};
/* End PBXSourcesBuildPhase section */

/* Begin XCBuildConfiguration section */
		7333BDC52921FF6500A789F1 /* Debug */ = {
			isa = XCBuildConfiguration;
			buildSettings = {
				ALWAYS_SEARCH_USER_PATHS = NO;
				CLANG_ANALYZER_NONNULL = YES;
				CLANG_ANALYZER_NUMBER_OBJECT_CONVERSION = YES_AGGRESSIVE;
				CLANG_CXX_LANGUAGE_STANDARD = "gnu++20";
				CLANG_ENABLE_MODULES = YES;
				CLANG_ENABLE_OBJC_ARC = YES;
				CLANG_ENABLE_OBJC_WEAK = YES;
				CLANG_WARN_BLOCK_CAPTURE_AUTORELEASING = YES;
				CLANG_WARN_BOOL_CONVERSION = YES;
				CLANG_WARN_COMMA = YES;
				CLANG_WARN_CONSTANT_CONVERSION = YES;
				CLANG_WARN_DEPRECATED_OBJC_IMPLEMENTATIONS = YES;
				CLANG_WARN_DIRECT_OBJC_ISA_USAGE = YES_ERROR;
				CLANG_WARN_DOCUMENTATION_COMMENTS = YES;
				CLANG_WARN_EMPTY_BODY = YES;
				CLANG_WARN_ENUM_CONVERSION = YES;
				CLANG_WARN_INFINITE_RECURSION = YES;
				CLANG_WARN_INT_CONVERSION = YES;
				CLANG_WARN_NON_LITERAL_NULL_CONVERSION = YES;
				CLANG_WARN_OBJC_IMPLICIT_RETAIN_SELF = YES;
				CLANG_WARN_OBJC_LITERAL_CONVERSION = YES;
				CLANG_WARN_OBJC_ROOT_CLASS = YES_ERROR;
				CLANG_WARN_QUOTED_INCLUDE_IN_FRAMEWORK_HEADER = YES;
				CLANG_WARN_RANGE_LOOP_ANALYSIS = YES;
				CLANG_WARN_STRICT_PROTOTYPES = YES;
				CLANG_WARN_SUSPICIOUS_MOVE = YES;
				CLANG_WARN_UNGUARDED_AVAILABILITY = YES_AGGRESSIVE;
				CLANG_WARN_UNREACHABLE_CODE = YES;
				CLANG_WARN__DUPLICATE_METHOD_MATCH = YES;
				COPY_PHASE_STRIP = NO;
				DEBUG_INFORMATION_FORMAT = dwarf;
				ENABLE_STRICT_OBJC_MSGSEND = YES;
				ENABLE_TESTABILITY = YES;
				GCC_C_LANGUAGE_STANDARD = gnu11;
				GCC_DYNAMIC_NO_PIC = NO;
				GCC_NO_COMMON_BLOCKS = YES;
				GCC_OPTIMIZATION_LEVEL = 0;
				GCC_PREPROCESSOR_DEFINITIONS = (
					"DEBUG=1",
					"$(inherited)",
				);
				GCC_WARN_64_TO_32_BIT_CONVERSION = YES;
				GCC_WARN_ABOUT_RETURN_TYPE = YES_ERROR;
				GCC_WARN_UNDECLARED_SELECTOR = YES;
				GCC_WARN_UNINITIALIZED_AUTOS = YES_AGGRESSIVE;
				GCC_WARN_UNUSED_FUNCTION = YES;
				GCC_WARN_UNUSED_VARIABLE = YES;
				IPHONEOS_DEPLOYMENT_TARGET = 16.1;
				MTL_ENABLE_DEBUG_INFO = INCLUDE_SOURCE;
				MTL_FAST_MATH = YES;
				ONLY_ACTIVE_ARCH = YES;
				SDKROOT = iphoneos;
				SWIFT_ACTIVE_COMPILATION_CONDITIONS = DEBUG;
				SWIFT_OPTIMIZATION_LEVEL = "-Onone";
			};
			name = Debug;
		};
		7333BDC62921FF6500A789F1 /* Release */ = {
			isa = XCBuildConfiguration;
			buildSettings = {
				ALWAYS_SEARCH_USER_PATHS = NO;
				CLANG_ANALYZER_NONNULL = YES;
				CLANG_ANALYZER_NUMBER_OBJECT_CONVERSION = YES_AGGRESSIVE;
				CLANG_CXX_LANGUAGE_STANDARD = "gnu++20";
				CLANG_ENABLE_MODULES = YES;
				CLANG_ENABLE_OBJC_ARC = YES;
				CLANG_ENABLE_OBJC_WEAK = YES;
				CLANG_WARN_BLOCK_CAPTURE_AUTORELEASING = YES;
				CLANG_WARN_BOOL_CONVERSION = YES;
				CLANG_WARN_COMMA = YES;
				CLANG_WARN_CONSTANT_CONVERSION = YES;
				CLANG_WARN_DEPRECATED_OBJC_IMPLEMENTATIONS = YES;
				CLANG_WARN_DIRECT_OBJC_ISA_USAGE = YES_ERROR;
				CLANG_WARN_DOCUMENTATION_COMMENTS = YES;
				CLANG_WARN_EMPTY_BODY = YES;
				CLANG_WARN_ENUM_CONVERSION = YES;
				CLANG_WARN_INFINITE_RECURSION = YES;
				CLANG_WARN_INT_CONVERSION = YES;
				CLANG_WARN_NON_LITERAL_NULL_CONVERSION = YES;
				CLANG_WARN_OBJC_IMPLICIT_RETAIN_SELF = YES;
				CLANG_WARN_OBJC_LITERAL_CONVERSION = YES;
				CLANG_WARN_OBJC_ROOT_CLASS = YES_ERROR;
				CLANG_WARN_QUOTED_INCLUDE_IN_FRAMEWORK_HEADER = YES;
				CLANG_WARN_RANGE_LOOP_ANALYSIS = YES;
				CLANG_WARN_STRICT_PROTOTYPES = YES;
				CLANG_WARN_SUSPICIOUS_MOVE = YES;
				CLANG_WARN_UNGUARDED_AVAILABILITY = YES_AGGRESSIVE;
				CLANG_WARN_UNREACHABLE_CODE = YES;
				CLANG_WARN__DUPLICATE_METHOD_MATCH = YES;
				COPY_PHASE_STRIP = NO;
				DEBUG_INFORMATION_FORMAT = "dwarf-with-dsym";
				ENABLE_NS_ASSERTIONS = NO;
				ENABLE_STRICT_OBJC_MSGSEND = YES;
				GCC_C_LANGUAGE_STANDARD = gnu11;
				GCC_NO_COMMON_BLOCKS = YES;
				GCC_WARN_64_TO_32_BIT_CONVERSION = YES;
				GCC_WARN_ABOUT_RETURN_TYPE = YES_ERROR;
				GCC_WARN_UNDECLARED_SELECTOR = YES;
				GCC_WARN_UNINITIALIZED_AUTOS = YES_AGGRESSIVE;
				GCC_WARN_UNUSED_FUNCTION = YES;
				GCC_WARN_UNUSED_VARIABLE = YES;
				IPHONEOS_DEPLOYMENT_TARGET = 16.1;
				MTL_ENABLE_DEBUG_INFO = NO;
				MTL_FAST_MATH = YES;
				SDKROOT = iphoneos;
				SWIFT_COMPILATION_MODE = wholemodule;
				SWIFT_OPTIMIZATION_LEVEL = "-O";
				VALIDATE_PRODUCT = YES;
			};
			name = Release;
		};
		7333BDC82921FF6500A789F1 /* Debug */ = {
			isa = XCBuildConfiguration;
			buildSettings = {
				ASSETCATALOG_COMPILER_APPICON_NAME = AppIcon;
				ASSETCATALOG_COMPILER_GLOBAL_ACCENT_COLOR_NAME = AccentColor;
				CODE_SIGN_STYLE = Automatic;
				CURRENT_PROJECT_VERSION = 1;
				DEVELOPMENT_TEAM = N5BMLXGKWA;
				GENERATE_INFOPLIST_FILE = YES;
				INFOPLIST_FILE = Fleetio/Info.plist;
				INFOPLIST_KEY_UIApplicationSupportsIndirectInputEvents = YES;
				INFOPLIST_KEY_UILaunchStoryboardName = LaunchScreen;
				INFOPLIST_KEY_UISupportedInterfaceOrientations_iPad = "UIInterfaceOrientationPortrait UIInterfaceOrientationPortraitUpsideDown UIInterfaceOrientationLandscapeLeft UIInterfaceOrientationLandscapeRight";
				INFOPLIST_KEY_UISupportedInterfaceOrientations_iPhone = "UIInterfaceOrientationPortrait UIInterfaceOrientationLandscapeLeft UIInterfaceOrientationLandscapeRight";
				IPHONEOS_DEPLOYMENT_TARGET = 14.0;
				LD_RUNPATH_SEARCH_PATHS = (
					"$(inherited)",
					"@executable_path/Frameworks",
				);
				MARKETING_VERSION = 1.0;
				PRODUCT_BUNDLE_IDENTIFIER = com.DeepDesai.Fleetio;
				PRODUCT_NAME = "$(TARGET_NAME)";
				SWIFT_EMIT_LOC_STRINGS = YES;
				SWIFT_VERSION = 5.0;
				TARGETED_DEVICE_FAMILY = "1,2";
			};
			name = Debug;
		};
		7333BDC92921FF6500A789F1 /* Release */ = {
			isa = XCBuildConfiguration;
			buildSettings = {
				ASSETCATALOG_COMPILER_APPICON_NAME = AppIcon;
				ASSETCATALOG_COMPILER_GLOBAL_ACCENT_COLOR_NAME = AccentColor;
				CODE_SIGN_STYLE = Automatic;
				CURRENT_PROJECT_VERSION = 1;
				DEVELOPMENT_TEAM = N5BMLXGKWA;
				GENERATE_INFOPLIST_FILE = YES;
				INFOPLIST_FILE = Fleetio/Info.plist;
				INFOPLIST_KEY_UIApplicationSupportsIndirectInputEvents = YES;
				INFOPLIST_KEY_UILaunchStoryboardName = LaunchScreen;
				INFOPLIST_KEY_UISupportedInterfaceOrientations_iPad = "UIInterfaceOrientationPortrait UIInterfaceOrientationPortraitUpsideDown UIInterfaceOrientationLandscapeLeft UIInterfaceOrientationLandscapeRight";
				INFOPLIST_KEY_UISupportedInterfaceOrientations_iPhone = "UIInterfaceOrientationPortrait UIInterfaceOrientationLandscapeLeft UIInterfaceOrientationLandscapeRight";
				IPHONEOS_DEPLOYMENT_TARGET = 14.0;
				LD_RUNPATH_SEARCH_PATHS = (
					"$(inherited)",
					"@executable_path/Frameworks",
				);
				MARKETING_VERSION = 1.0;
				PRODUCT_BUNDLE_IDENTIFIER = com.DeepDesai.Fleetio;
				PRODUCT_NAME = "$(TARGET_NAME)";
				SWIFT_EMIT_LOC_STRINGS = YES;
				SWIFT_VERSION = 5.0;
				TARGETED_DEVICE_FAMILY = "1,2";
			};
			name = Release;
		};
/* End XCBuildConfiguration section */

/* Begin XCConfigurationList section */
		7333BDAE2921FF6400A789F1 /* Build configuration list for PBXProject "Fleetio" */ = {
			isa = XCConfigurationList;
			buildConfigurations = (
				7333BDC52921FF6500A789F1 /* Debug */,
				7333BDC62921FF6500A789F1 /* Release */,
			);
			defaultConfigurationIsVisible = 0;
			defaultConfigurationName = Release;
		};
		7333BDC72921FF6500A789F1 /* Build configuration list for PBXNativeTarget "Fleetio" */ = {
			isa = XCConfigurationList;
			buildConfigurations = (
				7333BDC82921FF6500A789F1 /* Debug */,
				7333BDC92921FF6500A789F1 /* Release */,
			);
			defaultConfigurationIsVisible = 0;
			defaultConfigurationName = Release;
		};
/* End XCConfigurationList section */

/* Begin XCRemoteSwiftPackageReference section */
		733F6B842926A257009B4709 /* XCRemoteSwiftPackageReference "Kingfisher" */ = {
			isa = XCRemoteSwiftPackageReference;
			repositoryURL = "https://github.com/onevcat/Kingfisher";
			requirement = {
				kind = upToNextMajorVersion;
				minimumVersion = 7.0.0;
			};
		};
/* End XCRemoteSwiftPackageReference section */

/* Begin XCSwiftPackageProductDependency section */
		733F6B852926A257009B4709 /* Kingfisher */ = {
			isa = XCSwiftPackageProductDependency;
			package = 733F6B842926A257009B4709 /* XCRemoteSwiftPackageReference "Kingfisher" */;
			productName = Kingfisher;
		};
/* End XCSwiftPackageProductDependency section */
	};
	rootObject = 7333BDAB2921FF6400A789F1 /* Project object */;
}
